
Microsoft Visual Studio Solution File, Format Version 10.00
# Visual Studio 2008
Project("{FAE04EC0-301F-11D3-BF4B-00C04F79EFBC}") = "nMQTT", "nMQTT\nMQTT.csproj", "{6506A020-988F-48A1-BC7C-FCDB13E3A4CC}"
EndProject
Project("{FAE04EC0-301F-11D3-BF4B-00C04F79EFBC}") = "nMQTTTests", "nMQTTTests\nMQTTTests.csproj", "{A2E6E140-AA67-4683-BD09-03C1B7FCB2F4}"
EndProject
Global
	GlobalSection(SolutionConfigurationPlatforms) = preSolution
		Debug|Any CPU = Debug|Any CPU
		Release|Any CPU = Release|Any CPU
	EndGlobalSection
	GlobalSection(ProjectConfigurationPlatforms) = postSolution
		{6506A020-988F-48A1-BC7C-FCDB13E3A4CC}.Debug|Any CPU.ActiveCfg = Debug|Any CPU
		{6506A020-988F-48A1-BC7C-FCDB13E3A4CC}.Debug|Any CPU.Build.0 = Debug|Any CPU
		{6506A020-988F-48A1-BC7C-FCDB13E3A4CC}.Release|Any CPU.ActiveCfg = Release|Any CPU
		{6506A020-988F-48A1-BC7C-FCDB13E3A4CC}.Release|Any CPU.Build.0 = Release|Any CPU
		{A2E6E140-AA67-4683-BD09-03C1B7FCB2F4}.Debug|Any CPU.ActiveCfg = Debug|Any CPU
		{A2E6E140-AA67-4683-BD09-03C1B7FCB2F4}.Debug|Any CPU.Build.0 = Debug|Any CPU
		{A2E6E140-AA67-4683-BD09-03C1B7FCB2F4}.Release|Any CPU.ActiveCfg = Release|Any CPU
		{A2E6E140-AA67-4683-BD09-03C1B7FCB2F4}.Release|Any CPU.Build.0 = Release|Any CPU
	EndGlobalSection
	GlobalSection(SolutionProperties) = preSolution
		HideSolutionNode = FALSE
	EndGlobalSection
EndGlobal
